
Microsoft Visual Studio Solution File, Format Version 12.00
# Visual Studio 15
VisualStudioVersion = 15.0.27428.2011
MinimumVisualStudioVersion = 10.0.40219.1
Project("{FAE04EC0-301F-11D3-BF4B-00C04F79EFBC}") = "dreams4", "dreams4\dreams4.csproj", "{144223B4-C58D-4BD5-8265-7AA56880C56D}"
EndProject
Global
	GlobalSection(SolutionConfigurationPlatforms) = preSolution
		Debug|Any CPU = Debug|Any CPU
		Release|Any CPU = Release|Any CPU
	EndGlobalSection
	GlobalSection(ProjectConfigurationPlatforms) = postSolution
		{144223B4-C58D-4BD5-8265-7AA56880C56D}.Debug|Any CPU.ActiveCfg = Debug|Any CPU
		{144223B4-C58D-4BD5-8265-7AA56880C56D}.Debug|Any CPU.Build.0 = Debug|Any CPU
		{144223B4-C58D-4BD5-8265-7AA56880C56D}.Release|Any CPU.ActiveCfg = Release|Any CPU
		{144223B4-C58D-4BD5-8265-7AA56880C56D}.Release|Any CPU.Build.0 = Release|Any CPU
	EndGlobalSection
	GlobalSection(SolutionProperties) = preSolution
		HideSolutionNode = FALSE
	EndGlobalSection
	GlobalSection(ExtensibilityGlobals) = postSolution
		SolutionGuid = {5D4DA156-C7D8-41BB-B829-CE4E29C87E06}
	EndGlobalSection
EndGlobal
